
Microsoft Visual Studio Solution File, Format Version 12.00
# Visual Studio Version 17
VisualStudioVersion = 17.5.33530.505
MinimumVisualStudioVersion = 10.0.40219.1
Project("{FAE04EC0-301F-11D3-BF4B-00C04F79EFBC}") = "Заполнение массива с клавиатуры", "Заполнение массива с клавиатуры\Заполнение массива с клавиатуры.csproj", "{0A0A889C-42F2-4605-B31A-77D24E2E552F}"
EndProject
Global
	GlobalSection(SolutionConfigurationPlatforms) = preSolution
		Debug|Any CPU = Debug|Any CPU
		Release|Any CPU = Release|Any CPU
	EndGlobalSection
	GlobalSection(ProjectConfigurationPlatforms) = postSolution
		{0A0A889C-42F2-4605-B31A-77D24E2E552F}.Debug|Any CPU.ActiveCfg = Debug|Any CPU
		{0A0A889C-42F2-4605-B31A-77D24E2E552F}.Debug|Any CPU.Build.0 = Debug|Any CPU
		{0A0A889C-42F2-4605-B31A-77D24E2E552F}.Release|Any CPU.ActiveCfg = Release|Any CPU
		{0A0A889C-42F2-4605-B31A-77D24E2E552F}.Release|Any CPU.Build.0 = Release|Any CPU
	EndGlobalSection
	GlobalSection(SolutionProperties) = preSolution
		HideSolutionNode = FALSE
	EndGlobalSection
	GlobalSection(ExtensibilityGlobals) = postSolution
		SolutionGuid = {DFEAF292-C380-4B1F-9B8C-4C5A11183CEC}
	EndGlobalSection
EndGlobal
