
Microsoft Visual Studio Solution File, Format Version 12.00
# Visual Studio Version 17
VisualStudioVersion = 17.5.33530.505
MinimumVisualStudioVersion = 10.0.40219.1
Project("{FAE04EC0-301F-11D3-BF4B-00C04F79EFBC}") = "Заполнение массива случайными числами", "Заполнение массива случайными числами\Заполнение массива случайными числами.csproj", "{A1A59A76-0DE4-4C84-A469-862ACFD9B9DE}"
EndProject
Global
	GlobalSection(SolutionConfigurationPlatforms) = preSolution
		Debug|Any CPU = Debug|Any CPU
		Release|Any CPU = Release|Any CPU
	EndGlobalSection
	GlobalSection(ProjectConfigurationPlatforms) = postSolution
		{A1A59A76-0DE4-4C84-A469-862ACFD9B9DE}.Debug|Any CPU.ActiveCfg = Debug|Any CPU
		{A1A59A76-0DE4-4C84-A469-862ACFD9B9DE}.Debug|Any CPU.Build.0 = Debug|Any CPU
		{A1A59A76-0DE4-4C84-A469-862ACFD9B9DE}.Release|Any CPU.ActiveCfg = Release|Any CPU
		{A1A59A76-0DE4-4C84-A469-862ACFD9B9DE}.Release|Any CPU.Build.0 = Release|Any CPU
	EndGlobalSection
	GlobalSection(SolutionProperties) = preSolution
		HideSolutionNode = FALSE
	EndGlobalSection
	GlobalSection(ExtensibilityGlobals) = postSolution
		SolutionGuid = {B938E998-F4F2-4382-BCD0-F4749159171D}
	EndGlobalSection
EndGlobal
