
Microsoft Visual Studio Solution File, Format Version 12.00
# Visual Studio Version 17
VisualStudioVersion = 17.5.33530.505
MinimumVisualStudioVersion = 10.0.40219.1
Project("{FAE04EC0-301F-11D3-BF4B-00C04F79EFBC}") = "Заполнение массива с клавиатуры", "Заполнение массива с клавиатуры\Заполнение массива с клавиатуры.csproj", "{8FB2C22A-8157-46C2-A475-8709EBE578AD}"
EndProject
Global
	GlobalSection(SolutionConfigurationPlatforms) = preSolution
		Debug|Any CPU = Debug|Any CPU
		Release|Any CPU = Release|Any CPU
	EndGlobalSection
	GlobalSection(ProjectConfigurationPlatforms) = postSolution
		{8FB2C22A-8157-46C2-A475-8709EBE578AD}.Debug|Any CPU.ActiveCfg = Debug|Any CPU
		{8FB2C22A-8157-46C2-A475-8709EBE578AD}.Debug|Any CPU.Build.0 = Debug|Any CPU
		{8FB2C22A-8157-46C2-A475-8709EBE578AD}.Release|Any CPU.ActiveCfg = Release|Any CPU
		{8FB2C22A-8157-46C2-A475-8709EBE578AD}.Release|Any CPU.Build.0 = Release|Any CPU
	EndGlobalSection
	GlobalSection(SolutionProperties) = preSolution
		HideSolutionNode = FALSE
	EndGlobalSection
	GlobalSection(ExtensibilityGlobals) = postSolution
		SolutionGuid = {B7F5E252-6764-4B31-9799-F52D8ABC302C}
	EndGlobalSection
EndGlobal
