
Microsoft Visual Studio Solution File, Format Version 12.00
# Visual Studio Version 17
VisualStudioVersion = 17.5.33424.131
MinimumVisualStudioVersion = 10.0.40219.1
Project("{FAE04EC0-301F-11D3-BF4B-00C04F79EFBC}") = "рисование", "рисование.csproj", "{C42D7D53-6672-48A6-B532-BD8431436525}"
EndProject
Global
	GlobalSection(SolutionConfigurationPlatforms) = preSolution
		Debug|Any CPU = Debug|Any CPU
		Release|Any CPU = Release|Any CPU
	EndGlobalSection
	GlobalSection(ProjectConfigurationPlatforms) = postSolution
		{C42D7D53-6672-48A6-B532-BD8431436525}.Debug|Any CPU.ActiveCfg = Debug|Any CPU
		{C42D7D53-6672-48A6-B532-BD8431436525}.Debug|Any CPU.Build.0 = Debug|Any CPU
		{C42D7D53-6672-48A6-B532-BD8431436525}.Release|Any CPU.ActiveCfg = Release|Any CPU
		{C42D7D53-6672-48A6-B532-BD8431436525}.Release|Any CPU.Build.0 = Release|Any CPU
	EndGlobalSection
	GlobalSection(SolutionProperties) = preSolution
		HideSolutionNode = FALSE
	EndGlobalSection
	GlobalSection(ExtensibilityGlobals) = postSolution
		SolutionGuid = {637DDF3E-2A4E-475C-B52F-82F512156BC9}
	EndGlobalSection
EndGlobal
